lockfile_version: '1'
generated_at: '2026-09-17T00:27:36.313042+00:00'
apm_version: 0.31.0
dependencies:
- repo_url: google/skills
  name: bigquery-basics
  host: github.com
  resolved_commit: 1776276d672b41e12aba7ead134d473af001d147
  version: unknown
  virtual_path: skills/cloud/bigquery-basics
  is_virtual: true
  package_type: claude_skill
  deployed_files:
  - .agents/skills/bigquery-basics
  - .agents/skills/bigquery-basics/SKILL.md
  - .agents/skills/bigquery-basics/references/change-history.md
  - .agents/skills/bigquery-basics/references/cli-usage.md
  - .agents/skills/bigquery-basics/references/client-library-usage.md
  - .agents/skills/bigquery-basics/references/continuous-queries.md
  - .agents/skills/bigquery-basics/references/core-concepts.md
  - .agents/skills/bigquery-basics/references/iac-usage.md
  - .agents/skills/bigquery-basics/references/iam-security.md
  - .agents/skills/bigquery-basics/references/mcp-usage.md
  deployed_file_hashes:
    .agents/skills/bigquery-basics/SKILL.md: sha256:039af2065e5f52d58c11853834028b8994248eae322fa2c8882b962d8b1e3e7f
    .agents/skills/bigquery-basics/references/change-history.md: sha256:6d21ec622c6efa8edd8377a9a963ac13de6d4dd2b53d4fe40c90cfb769e88088
    .agents/skills/bigquery-basics/references/cli-usage.md: sha256:b8ec6d981390d543a6af0ac3072813c6f7df641547dc17ecfaa2d43e766612db
    .agents/skills/bigquery-basics/references/client-library-usage.md: sha256:4b091ffcd5f657e1c96dc60e2ad913266850a380c39190a26bbd90e229eb6b5a
    .agents/skills/bigquery-basics/references/continuous-queries.md: sha256:01d77462193dc2343256ef2f69bdaa2c32cfc9af00e78a0e4ae010c2f1b589cc
    .agents/skills/bigquery-basics/references/core-concepts.md: sha256:0911ac060c9b0e9423ef9676bc98983b687c68696f178f01edc3d2b9715c4ab1
    .agents/skills/bigquery-basics/references/iac-usage.md: sha256:4cc7cba990280a5f2438bb965fb4bd575ca5967289f72bfd19b7830eb44b0208
    .agents/skills/bigquery-basics/references/iam-security.md: sha256:384c8d4b1eb64f9567cbc6f167cd38802a0b4b836b0616305d947fe4f46cca04
    .agents/skills/bigquery-basics/references/mcp-usage.md: sha256:f4cf2ef39e89ae3fc8e3a0bc19100e3382dc1eeec920d4cd8c5801dc51a62df7
  content_hash: sha256:aef51193e70dab5a2dbc26488811724fbb249c4c9fd8103c8a1b03b70ab5cf55
- repo_url: google/skills
  name: cloud-run-basics
  host: github.com
  resolved_commit: 1776276d672b41e12aba7ead134d473af001d147
  version: unknown
  virtual_path: skills/cloud/cloud-run-basics
  is_virtual: true
  package_type: claude_skill
  deployed_files:
  - .agents/skills/cloud-run-basics
  - .agents/skills/cloud-run-basics/SKILL.md
  - .agents/skills/cloud-run-basics/references/cli-usage.md
  - .agents/skills/cloud-run-basics/references/client-library-usage.md
  - .agents/skills/cloud-run-basics/references/core-concepts.md
  - .agents/skills/cloud-run-basics/references/iac-usage.md
  - .agents/skills/cloud-run-basics/references/iam-security.md
  - .agents/skills/cloud-run-basics/references/mcp-usage.md
  - .agents/skills/cloud-run-basics/references/networking.md
  deployed_file_hashes:
    .agents/skills/cloud-run-basics/SKILL.md: sha256:2636ca9682e587bfa302332d05b352110d6804cec489b31a2b603e4665c0ff6d
    .agents/skills/cloud-run-basics/references/cli-usage.md: sha256:87a58f1c49b848f66fa6bf1e30882fe247232aa1bf76e90987abf5e8b031580e
    .agents/skills/cloud-run-basics/references/client-library-usage.md: sha256:2f2c95b3fe6b8c36cfea903644279abe129816a84785739d4ba49e6bb571e772
    .agents/skills/cloud-run-basics/references/core-concepts.md: sha256:459830cc25d643dfd255b127df4df01bf9987b9eafd5c8aa8baca054517ccffe
    .agents/skills/cloud-run-basics/references/iac-usage.md: sha256:429c3a3edba4bd108c5faea064fdd17f13fddc3fd2238a245de0c700d29d940c
    .agents/skills/cloud-run-basics/references/iam-security.md: sha256:9430085095a0d16243ef7b8eb5a875690df633f8626078d3b004387bae2a7721
    .agents/skills/cloud-run-basics/references/mcp-usage.md: sha256:ad9aecf215e01dc4384918b39457a118d15d16f3f6c7e10aa80a50a686eca780
    .agents/skills/cloud-run-basics/references/networking.md: sha256:8a62caf6ae07721c77d384ec30991df7349ebc674fb8152d58dcad216527866c
  content_hash: sha256:468feb831926b2b42d5361c0685ecddf2693cabd511acf845ba8edad93c8ec45
- repo_url: google/skills
  name: gcloud
  host: github.com
  resolved_commit: 1776276d672b41e12aba7ead134d473af001d147
  version: unknown
  virtual_path: skills/cloud/gcloud
  is_virtual: true
  package_type: claude_skill
  deployed_files:
  - .agents/skills/gcloud
  - .agents/skills/gcloud/SKILL.md
  - .agents/skills/gcloud/references/cli-usage.md
  - .agents/skills/gcloud/references/mcp-usage.md
  deployed_file_hashes:
    .agents/skills/gcloud/SKILL.md: sha256:b9c799dd8ca9a46882de18ea29fd02766bb3d9d520d96f037fdc8f6200e40272
    .agents/skills/gcloud/references/cli-usage.md: sha256:bbba71766419dbe82a130f16d149bcb34e504164d84fc4b84164ac66b2e298bf
    .agents/skills/gcloud/references/mcp-usage.md: sha256:a3d75e6ec90a3d0157803faa92a7c0bb43d7481157b45aa3a819f12e1adbda57
  content_hash: sha256:c1fca21203ec43fb986ee85e84623a2661d089bfb7bb2c79ebcac3c9aead850b
- repo_url: google/skills
  name: gemini-api
  host: github.com
  resolved_commit: 1776276d672b41e12aba7ead134d473af001d147
  version: unknown
  virtual_path: skills/cloud/gemini-api
  is_virtual: true
  package_type: claude_skill
  deployed_files:
  - .agents/skills/gemini-api
  - .agents/skills/gemini-api/SKILL.md
  - .agents/skills/gemini-api/references/advanced_features.md
  - .agents/skills/gemini-api/references/bounding_box.md
  - .agents/skills/gemini-api/references/embeddings.md
  - .agents/skills/gemini-api/references/live_api.md
  - .agents/skills/gemini-api/references/media_generation.md
  - .agents/skills/gemini-api/references/model_tuning.md
  - .agents/skills/gemini-api/references/safety.md
  - .agents/skills/gemini-api/references/structured_and_tools.md
  - .agents/skills/gemini-api/references/text_and_multimodal.md
  deployed_file_hashes:
    .agents/skills/gemini-api/SKILL.md: sha256:e730427242c5f958e4194db5f0083e18cabf8889d19ceb31bad69581a5980083
    .agents/skills/gemini-api/references/advanced_features.md: sha256:77fdac142d7476a6c771ffccad0f8ed3bd93c31fcb1fb45ef5e240b42bf76ca1
    .agents/skills/gemini-api/references/bounding_box.md: sha256:0bef8247e8443e857e8a8ba4fa67ef13da6fe787f54545e72b67968c861f5460
    .agents/skills/gemini-api/references/embeddings.md: sha256:4a3d3f754dbcd935a2f01d1bd33918c1d9bef3730115f4a744537c0506ee99fb
    .agents/skills/gemini-api/references/live_api.md: sha256:be927fcc21ee3cdea68d5172cad957885ab09281ddea8f85eccc02ef3747560f
    .agents/skills/gemini-api/references/media_generation.md: sha256:d07674111ba566e5a86392dc6fa0bbc7d6bb96881ffa700a04f786eb51ed9d87
    .agents/skills/gemini-api/references/model_tuning.md: sha256:b46fd342db759b17a8bdc6766574012ff4e282dff6f0b290f81bdc00e8bed288
    .agents/skills/gemini-api/references/safety.md: sha256:59919c7a2ca9d3c6e7ab7999957ea4d5cf0c6bb0fbc274ab59df4a3ede40fefd
    .agents/skills/gemini-api/references/structured_and_tools.md: sha256:6aab78bcd8d2a662db2f154ebf24d2747093c825ca87a51514e281cbce074918
    .agents/skills/gemini-api/references/text_and_multimodal.md: sha256:a9c283c8b90110e2d4a35472eb55faa692886cdc9b30e752214dc6da6462ecb0
  content_hash: sha256:d924b24759f75e2364239a54c1b85e86e8c239cae41f7917f6da15116cc5c9c1
- repo_url: helpfeel/cosense-cli
  name: cosense-cli
  host: github.com
  resolved_commit: dac8da11ef81f71e8a1539e3e15dff281f26b119
  version: dac8da1
  package_type: marketplace_plugin
  deployed_files:
  - .agents/skills/cosense
  - .agents/skills/cosense/SKILL.md
  - .agents/skills/cosense/edit-page.md
  - .agents/skills/cosense/login.md
  - .agents/skills/cosense/read-page.md
  - .agents/skills/cosense/upload-file.md
  - .agents/skills/cosense/version-mismatch.md
  deployed_file_hashes:
    .agents/skills/cosense/SKILL.md: sha256:694c296f784bb470097cee194deecc7bdf9c105194a2887da915175a88254968
    .agents/skills/cosense/edit-page.md: sha256:24b22c7e4be26ee616646792b5c69bfd6b967a5392053698cc35bb2c8d1d4cd7
    .agents/skills/cosense/login.md: sha256:2ec8b18196e6dc4aec61dae8a43fe5ea6a1b71185fd325545cb95577073c2a23
    .agents/skills/cosense/read-page.md: sha256:25956d1363e57ec834b971eb779cb5aaff69f7ae08d666607f20392488102073
    .agents/skills/cosense/upload-file.md: sha256:d6b652f614083ceac0d8cf1f7755fb6ecf475aaad003607536a43d2e65b4862c
    .agents/skills/cosense/version-mismatch.md: sha256:894f46a5564169cf36637d7473c474fda76a17552acdcc2aa42c0d5be8713a5e
  content_hash: sha256:12b5cc585e2a1429fc7acb70bf76edd8dd45ab983b07d4d175c3386e97de7f45
- repo_url: mizchi/skills
  name: empirical-prompt-tuning
  host: github.com
  resolved_commit: 7a0d72866a0bb3e9ac3e2768c328b09ba2bc40c4
  version: unknown
  virtual_path: meta/empirical-prompt-tuning
  is_virtual: true
  package_type: claude_skill
  deployed_files:
  - .agents/skills/empirical-prompt-tuning
  - .agents/skills/empirical-prompt-tuning/README.md
  - .agents/skills/empirical-prompt-tuning/SKILL-ja.md
  - .agents/skills/empirical-prompt-tuning/SKILL.md
  deployed_file_hashes:
    .agents/skills/empirical-prompt-tuning/README.md: sha256:c7db7d27122bcffe416e5607700a7cd1778cad260d3e104c5bb6da7b7f976b3d
    .agents/skills/empirical-prompt-tuning/SKILL-ja.md: sha256:0a38d830802c2e08a7faca13928fedf6911e00b896946b4b03910d662de6dea5
    .agents/skills/empirical-prompt-tuning/SKILL.md: sha256:252418e7ef022981d2dda2e3ec57fa1c786d30af68c50b7e062edf1d7361b0cb
  content_hash: sha256:20e7fba93c7267ba6e3a7b27787ca49191b762dffcfb804b01da9183b1b0c891
- repo_url: snhryt-neo/dotfiles
  name: dev-research
  host: github.com
  resolved_commit: da4ac7a1249c064aea4c282a96d0616518792af7
  version: unknown
  virtual_path: skills/dev-research
  is_virtual: true
  package_type: claude_skill
  deployed_files:
  - .agents/skills/dev-research
  - .agents/skills/dev-research/SKILL.md
  - .agents/skills/dev-research/agents/openai.yaml
  - .agents/skills/dev-research/evals/evals.json
  deployed_file_hashes:
    .agents/skills/dev-research/SKILL.md: sha256:1a035d49fe426550911ea93487e13c84d50048efef3901a8388ae6d55142ed2a
    .agents/skills/dev-research/agents/openai.yaml: sha256:b74fcab99ef4e3d7a9751aa97c2ccc9f712fe4e80d9ae4d1228458febc72fac7
    .agents/skills/dev-research/evals/evals.json: sha256:7e18576bab10f35c828466a0af07055617b5e079b29804b15d72da0cd57cafb7
  content_hash: sha256:0e7b1d63f933d859eb7140c2215f54ef4968215f9322760770c1cd97a451f44f
- repo_url: snhryt-neo/dotfiles
  name: gh-markdown
  host: github.com
  resolved_commit: da4ac7a1249c064aea4c282a96d0616518792af7
  version: unknown
  virtual_path: skills/gh-markdown
  is_virtual: true
  package_type: claude_skill
  deployed_files:
  - .agents/skills/gh-markdown
  - .agents/skills/gh-markdown/SKILL.md
  deployed_file_hashes:
    .agents/skills/gh-markdown/SKILL.md: sha256:be030f85585c45c49f8eca9f3c7438807deb84cd77ca3def2419b426cad5bc59
  content_hash: sha256:a970b147b00f250b9b3c07f46d695bd78714e082925eb019aea48247f77b2cd6
- repo_url: snhryt-neo/dotfiles
  name: gha-security-review
  host: github.com
  resolved_commit: da4ac7a1249c064aea4c282a96d0616518792af7
  version: unknown
  virtual_path: skills/gha-security-review
  is_virtual: true
  package_type: claude_skill
  deployed_files:
  - .agents/skills/gha-security-review
  - .agents/skills/gha-security-review/SKILL.md
  - .agents/skills/gha-security-review/references/github-actions-security-checklist.md
  - .agents/skills/gha-security-review/references/terraform-cicd-review.md
  - .agents/skills/gha-security-review/references/tooling.md
  deployed_file_hashes:
    .agents/skills/gha-security-review/SKILL.md: sha256:119241ac4494717f155fb6cf47c5aa0bf7ed49d60e69ac2474a84eada4a2d6c5
    .agents/skills/gha-security-review/references/github-actions-security-checklist.md: sha256:f8ab8f71f1aea01999ccf930babdb592288e8b5d0ac64c9eb85dd116f55c25c5
    .agents/skills/gha-security-review/references/terraform-cicd-review.md: sha256:65cd5350a8ad680dee7e8382ead91cbe8ecbb883c58db50d86d843e878b8b533
    .agents/skills/gha-security-review/references/tooling.md: sha256:dccbb4b03e2572041fafc7e33def7425b3c43544affba3168acc6f808167c006
  content_hash: sha256:5f05b7c38a50fd4f0896f2f0db65f9110fcd780834993fafb7ee5b5a045705ed
- repo_url: snhryt-neo/dotfiles
  name: semantic-generation
  host: github.com
  resolved_commit: da4ac7a1249c064aea4c282a96d0616518792af7
  version: unknown
  virtual_path: skills/semantic-generation
  is_virtual: true
  package_type: claude_skill
  deployed_files:
  - .agents/skills/semantic-generation
  - .agents/skills/semantic-generation/SKILL.md
  - .agents/skills/semantic-generation/agents/openai.yaml
  - .agents/skills/semantic-generation/reference.md
  deployed_file_hashes:
    .agents/skills/semantic-generation/SKILL.md: sha256:e22245bad44125225775a078f3eb7a4cbaa60396fd9f42469b6d1d41b637d5c8
    .agents/skills/semantic-generation/agents/openai.yaml: sha256:5e0cc705113c7c7adfc677d5bf195986343f0e92a129fd1448ff30e1ea2f99d7
    .agents/skills/semantic-generation/reference.md: sha256:a86085ee2f532f594dc37b1fdee40b9c5f404627196b9278bd0e5073a28ca682
  content_hash: sha256:76a73208015c0d9eaa6049c714714216bd440d8c446fd09d79ba7de6df17bd0a
deployments:
- kind: project-relative
  target: codex
  value: .agents/skills/bigquery-basics
  runtime: null
  scope: project
  owners:
  - google/skills/skills/cloud/bigquery-basics
  active_owner: google/skills/skills/cloud/bigquery-basics
  content_hash: null
- kind: project-relative
  target: codex
  value: .agents/skills/bigquery-basics/SKILL.md
  runtime: null
  scope: project
  owners:
  - google/skills/skills/cloud/bigquery-basics
  active_owner: google/skills/skills/cloud/bigquery-basics
  content_hash: sha256:039af2065e5f52d58c11853834028b8994248eae322fa2c8882b962d8b1e3e7f
- kind: project-relative
  target: codex
  value: .agents/skills/bigquery-basics/references/change-history.md
  runtime: null
  scope: project
  owners:
  - google/skills/skills/cloud/bigquery-basics
  active_owner: google/skills/skills/cloud/bigquery-basics
  content_hash: sha256:6d21ec622c6efa8edd8377a9a963ac13de6d4dd2b53d4fe40c90cfb769e88088
- kind: project-relative
  target: codex
  value: .agents/skills/bigquery-basics/references/cli-usage.md
  runtime: null
  scope: project
  owners:
  - google/skills/skills/cloud/bigquery-basics
  active_owner: google/skills/skills/cloud/bigquery-basics
  content_hash: sha256:b8ec6d981390d543a6af0ac3072813c6f7df641547dc17ecfaa2d43e766612db
- kind: project-relative
  target: codex
  value: .agents/skills/bigquery-basics/references/client-library-usage.md
  runtime: null
  scope: project
  owners:
  - google/skills/skills/cloud/bigquery-basics
  active_owner: google/skills/skills/cloud/bigquery-basics
  content_hash: sha256:4b091ffcd5f657e1c96dc60e2ad913266850a380c39190a26bbd90e229eb6b5a
- kind: project-relative
  target: codex
  value: .agents/skills/bigquery-basics/references/continuous-queries.md
  runtime: null
  scope: project
  owners:
  - google/skills/skills/cloud/bigquery-basics
  active_owner: google/skills/skills/cloud/bigquery-basics
  content_hash: sha256:01d77462193dc2343256ef2f69bdaa2c32cfc9af00e78a0e4ae010c2f1b589cc
- kind: project-relative
  target: codex
  value: .agents/skills/bigquery-basics/references/core-concepts.md
  runtime: null
  scope: project
  owners:
  - google/skills/skills/cloud/bigquery-basics
  active_owner: google/skills/skills/cloud/bigquery-basics
  content_hash: sha256:0911ac060c9b0e9423ef9676bc98983b687c68696f178f01edc3d2b9715c4ab1
- kind: project-relative
  target: codex
  value: .agents/skills/bigquery-basics/references/iac-usage.md
  runtime: null
  scope: project
  owners:
  - google/skills/skills/cloud/bigquery-basics
  active_owner: google/skills/skills/cloud/bigquery-basics
  content_hash: sha256:4cc7cba990280a5f2438bb965fb4bd575ca5967289f72bfd19b7830eb44b0208
- kind: project-relative
  target: codex
  value: .agents/skills/bigquery-basics/references/iam-security.md
  runtime: null
  scope: project
  owners:
  - google/skills/skills/cloud/bigquery-basics
  active_owner: google/skills/skills/cloud/bigquery-basics
  content_hash: sha256:384c8d4b1eb64f9567cbc6f167cd38802a0b4b836b0616305d947fe4f46cca04
- kind: project-relative
  target: codex
  value: .agents/skills/bigquery-basics/references/mcp-usage.md
  runtime: null
  scope: project
  owners:
  - google/skills/skills/cloud/bigquery-basics
  active_owner: google/skills/skills/cloud/bigquery-basics
  content_hash: sha256:f4cf2ef39e89ae3fc8e3a0bc19100e3382dc1eeec920d4cd8c5801dc51a62df7
- kind: project-relative
  target: codex
  value: .agents/skills/cloud-run-basics
  runtime: null
  scope: project
  owners:
  - google/skills/skills/cloud/cloud-run-basics
  active_owner: google/skills/skills/cloud/cloud-run-basics
  content_hash: null
- kind: project-relative
  target: codex
  value: .agents/skills/cloud-run-basics/SKILL.md
  runtime: null
  scope: project
  owners:
  - google/skills/skills/cloud/cloud-run-basics
  active_owner: google/skills/skills/cloud/cloud-run-basics
  content_hash: sha256:2636ca9682e587bfa302332d05b352110d6804cec489b31a2b603e4665c0ff6d
- kind: project-relative
  target: codex
  value: .agents/skills/cloud-run-basics/references/cli-usage.md
  runtime: null
  scope: project
  owners:
  - google/skills/skills/cloud/cloud-run-basics
  active_owner: google/skills/skills/cloud/cloud-run-basics
  content_hash: sha256:87a58f1c49b848f66fa6bf1e30882fe247232aa1bf76e90987abf5e8b031580e
- kind: project-relative
  target: codex
  value: .agents/skills/cloud-run-basics/references/client-library-usage.md
  runtime: null
  scope: project
  owners:
  - google/skills/skills/cloud/cloud-run-basics
  active_owner: google/skills/skills/cloud/cloud-run-basics
  content_hash: sha256:2f2c95b3fe6b8c36cfea903644279abe129816a84785739d4ba49e6bb571e772
- kind: project-relative
  target: codex
  value: .agents/skills/cloud-run-basics/references/core-concepts.md
  runtime: null
  scope: project
  owners:
  - google/skills/skills/cloud/cloud-run-basics
  active_owner: google/skills/skills/cloud/cloud-run-basics
  content_hash: sha256:459830cc25d643dfd255b127df4df01bf9987b9eafd5c8aa8baca054517ccffe
- kind: project-relative
  target: codex
  value: .agents/skills/cloud-run-basics/references/iac-usage.md
  runtime: null
  scope: project
  owners:
  - google/skills/skills/cloud/cloud-run-basics
  active_owner: google/skills/skills/cloud/cloud-run-basics
  content_hash: sha256:429c3a3edba4bd108c5faea064fdd17f13fddc3fd2238a245de0c700d29d940c
- kind: project-relative
  target: codex
  value: .agents/skills/cloud-run-basics/references/iam-security.md
  runtime: null
  scope: project
  owners:
  - google/skills/skills/cloud/cloud-run-basics
  active_owner: google/skills/skills/cloud/cloud-run-basics
  content_hash: sha256:9430085095a0d16243ef7b8eb5a875690df633f8626078d3b004387bae2a7721
- kind: project-relative
  target: codex
  value: .agents/skills/cloud-run-basics/references/mcp-usage.md
  runtime: null
  scope: project
  owners:
  - google/skills/skills/cloud/cloud-run-basics
  active_owner: google/skills/skills/cloud/cloud-run-basics
  content_hash: sha256:ad9aecf215e01dc4384918b39457a118d15d16f3f6c7e10aa80a50a686eca780
- kind: project-relative
  target: codex
  value: .agents/skills/cloud-run-basics/references/networking.md
  runtime: null
  scope: project
  owners:
  - google/skills/skills/cloud/cloud-run-basics
  active_owner: google/skills/skills/cloud/cloud-run-basics
  content_hash: sha256:8a62caf6ae07721c77d384ec30991df7349ebc674fb8152d58dcad216527866c
- kind: project-relative
  target: codex
  value: .agents/skills/cosense
  runtime: null
  scope: project
  owners:
  - helpfeel/cosense-cli
  active_owner: helpfeel/cosense-cli
  content_hash: null
- kind: project-relative
  target: codex
  value: .agents/skills/cosense/SKILL.md
  runtime: null
  scope: project
  owners:
  - helpfeel/cosense-cli
  active_owner: helpfeel/cosense-cli
  content_hash: sha256:694c296f784bb470097cee194deecc7bdf9c105194a2887da915175a88254968
- kind: project-relative
  target: codex
  value: .agents/skills/cosense/edit-page.md
  runtime: null
  scope: project
  owners:
  - helpfeel/cosense-cli
  active_owner: helpfeel/cosense-cli
  content_hash: sha256:24b22c7e4be26ee616646792b5c69bfd6b967a5392053698cc35bb2c8d1d4cd7
- kind: project-relative
  target: codex
  value: .agents/skills/cosense/login.md
  runtime: null
  scope: project
  owners:
  - helpfeel/cosense-cli
  active_owner: helpfeel/cosense-cli
  content_hash: sha256:2ec8b18196e6dc4aec61dae8a43fe5ea6a1b71185fd325545cb95577073c2a23
- kind: project-relative
  target: codex
  value: .agents/skills/cosense/read-page.md
  runtime: null
  scope: project
  owners:
  - helpfeel/cosense-cli
  active_owner: helpfeel/cosense-cli
  content_hash: sha256:25956d1363e57ec834b971eb779cb5aaff69f7ae08d666607f20392488102073
- kind: project-relative
  target: codex
  value: .agents/skills/cosense/upload-file.md
  runtime: null
  scope: project
  owners:
  - helpfeel/cosense-cli
  active_owner: helpfeel/cosense-cli
  content_hash: sha256:d6b652f614083ceac0d8cf1f7755fb6ecf475aaad003607536a43d2e65b4862c
- kind: project-relative
  target: codex
  value: .agents/skills/cosense/version-mismatch.md
  runtime: null
  scope: project
  owners:
  - helpfeel/cosense-cli
  active_owner: helpfeel/cosense-cli
  content_hash: sha256:894f46a5564169cf36637d7473c474fda76a17552acdcc2aa42c0d5be8713a5e
- kind: project-relative
  target: codex
  value: .agents/skills/dev-research
  runtime: null
  scope: project
  owners:
  - snhryt-neo/dotfiles/skills/dev-research
  active_owner: snhryt-neo/dotfiles/skills/dev-research
  content_hash: null
- kind: project-relative
  target: codex
  value: .agents/skills/dev-research/SKILL.md
  runtime: null
  scope: project
  owners:
  - snhryt-neo/dotfiles/skills/dev-research
  active_owner: snhryt-neo/dotfiles/skills/dev-research
  content_hash: sha256:1a035d49fe426550911ea93487e13c84d50048efef3901a8388ae6d55142ed2a
- kind: project-relative
  target: codex
  value: .agents/skills/dev-research/agents/openai.yaml
  runtime: null
  scope: project
  owners:
  - snhryt-neo/dotfiles/skills/dev-research
  active_owner: snhryt-neo/dotfiles/skills/dev-research
  content_hash: sha256:b74fcab99ef4e3d7a9751aa97c2ccc9f712fe4e80d9ae4d1228458febc72fac7
- kind: project-relative
  target: codex
  value: .agents/skills/dev-research/evals/evals.json
  runtime: null
  scope: project
  owners:
  - snhryt-neo/dotfiles/skills/dev-research
  active_owner: snhryt-neo/dotfiles/skills/dev-research
  content_hash: sha256:7e18576bab10f35c828466a0af07055617b5e079b29804b15d72da0cd57cafb7
- kind: project-relative
  target: codex
  value: .agents/skills/empirical-prompt-tuning
  runtime: null
  scope: project
  owners:
  - mizchi/skills/meta/empirical-prompt-tuning
  active_owner: mizchi/skills/meta/empirical-prompt-tuning
  content_hash: null
- kind: project-relative
  target: codex
  value: .agents/skills/empirical-prompt-tuning/README.md
  runtime: null
  scope: project
  owners:
  - mizchi/skills/meta/empirical-prompt-tuning
  active_owner: mizchi/skills/meta/empirical-prompt-tuning
  content_hash: sha256:c7db7d27122bcffe416e5607700a7cd1778cad260d3e104c5bb6da7b7f976b3d
- kind: project-relative
  target: codex
  value: .agents/skills/empirical-prompt-tuning/SKILL-ja.md
  runtime: null
  scope: project
  owners:
  - mizchi/skills/meta/empirical-prompt-tuning
  active_owner: mizchi/skills/meta/empirical-prompt-tuning
  content_hash: sha256:0a38d830802c2e08a7faca13928fedf6911e00b896946b4b03910d662de6dea5
- kind: project-relative
  target: codex
  value: .agents/skills/empirical-prompt-tuning/SKILL.md
  runtime: null
  scope: project
  owners:
  - mizchi/skills/meta/empirical-prompt-tuning
  active_owner: mizchi/skills/meta/empirical-prompt-tuning
  content_hash: sha256:252418e7ef022981d2dda2e3ec57fa1c786d30af68c50b7e062edf1d7361b0cb
- kind: project-relative
  target: codex
  value: .agents/skills/gcloud
  runtime: null
  scope: project
  owners:
  - google/skills/skills/cloud/gcloud
  active_owner: google/skills/skills/cloud/gcloud
  content_hash: null
- kind: project-relative
  target: codex
  value: .agents/skills/gcloud/SKILL.md
  runtime: null
  scope: project
  owners:
  - google/skills/skills/cloud/gcloud
  active_owner: google/skills/skills/cloud/gcloud
  content_hash: sha256:b9c799dd8ca9a46882de18ea29fd02766bb3d9d520d96f037fdc8f6200e40272
- kind: project-relative
  target: codex
  value: .agents/skills/gcloud/references/cli-usage.md
  runtime: null
  scope: project
  owners:
  - google/skills/skills/cloud/gcloud
  active_owner: google/skills/skills/cloud/gcloud
  content_hash: sha256:bbba71766419dbe82a130f16d149bcb34e504164d84fc4b84164ac66b2e298bf
- kind: project-relative
  target: codex
  value: .agents/skills/gcloud/references/mcp-usage.md
  runtime: null
  scope: project
  owners:
  - google/skills/skills/cloud/gcloud
  active_owner: google/skills/skills/cloud/gcloud
  content_hash: sha256:a3d75e6ec90a3d0157803faa92a7c0bb43d7481157b45aa3a819f12e1adbda57
- kind: project-relative
  target: codex
  value: .agents/skills/gemini-api
  runtime: null
  scope: project
  owners:
  - google/skills/skills/cloud/gemini-api
  active_owner: google/skills/skills/cloud/gemini-api
  content_hash: null
- kind: project-relative
  target: codex
  value: .agents/skills/gemini-api/SKILL.md
  runtime: null
  scope: project
  owners:
  - google/skills/skills/cloud/gemini-api
  active_owner: google/skills/skills/cloud/gemini-api
  content_hash: sha256:e730427242c5f958e4194db5f0083e18cabf8889d19ceb31bad69581a5980083
- kind: project-relative
  target: codex
  value: .agents/skills/gemini-api/references/advanced_features.md
  runtime: null
  scope: project
  owners:
  - google/skills/skills/cloud/gemini-api
  active_owner: google/skills/skills/cloud/gemini-api
  content_hash: sha256:77fdac142d7476a6c771ffccad0f8ed3bd93c31fcb1fb45ef5e240b42bf76ca1
- kind: project-relative
  target: codex
  value: .agents/skills/gemini-api/references/bounding_box.md
  runtime: null
  scope: project
  owners:
  - google/skills/skills/cloud/gemini-api
  active_owner: google/skills/skills/cloud/gemini-api
  content_hash: sha256:0bef8247e8443e857e8a8ba4fa67ef13da6fe787f54545e72b67968c861f5460
- kind: project-relative
  target: codex
  value: .agents/skills/gemini-api/references/embeddings.md
  runtime: null
  scope: project
  owners:
  - google/skills/skills/cloud/gemini-api
  active_owner: google/skills/skills/cloud/gemini-api
  content_hash: sha256:4a3d3f754dbcd935a2f01d1bd33918c1d9bef3730115f4a744537c0506ee99fb
- kind: project-relative
  target: codex
  value: .agents/skills/gemini-api/references/live_api.md
  runtime: null
  scope: project
  owners:
  - google/skills/skills/cloud/gemini-api
  active_owner: google/skills/skills/cloud/gemini-api
  content_hash: sha256:be927fcc21ee3cdea68d5172cad957885ab09281ddea8f85eccc02ef3747560f
- kind: project-relative
  target: codex
  value: .agents/skills/gemini-api/references/media_generation.md
  runtime: null
  scope: project
  owners:
  - google/skills/skills/cloud/gemini-api
  active_owner: google/skills/skills/cloud/gemini-api
  content_hash: sha256:d07674111ba566e5a86392dc6fa0bbc7d6bb96881ffa700a04f786eb51ed9d87
- kind: project-relative
  target: codex
  value: .agents/skills/gemini-api/references/model_tuning.md
  runtime: null
  scope: project
  owners:
  - google/skills/skills/cloud/gemini-api
  active_owner: google/skills/skills/cloud/gemini-api
  content_hash: sha256:b46fd342db759b17a8bdc6766574012ff4e282dff6f0b290f81bdc00e8bed288
- kind: project-relative
  target: codex
  value: .agents/skills/gemini-api/references/safety.md
  runtime: null
  scope: project
  owners:
  - google/skills/skills/cloud/gemini-api
  active_owner: google/skills/skills/cloud/gemini-api
  content_hash: sha256:59919c7a2ca9d3c6e7ab7999957ea4d5cf0c6bb0fbc274ab59df4a3ede40fefd
- kind: project-relative
  target: codex
  value: .agents/skills/gemini-api/references/structured_and_tools.md
  runtime: null
  scope: project
  owners:
  - google/skills/skills/cloud/gemini-api
  active_owner: google/skills/skills/cloud/gemini-api
  content_hash: sha256:6aab78bcd8d2a662db2f154ebf24d2747093c825ca87a51514e281cbce074918
- kind: project-relative
  target: codex
  value: .agents/skills/gemini-api/references/text_and_multimodal.md
  runtime: null
  scope: project
  owners:
  - google/skills/skills/cloud/gemini-api
  active_owner: google/skills/skills/cloud/gemini-api
  content_hash: sha256:a9c283c8b90110e2d4a35472eb55faa692886cdc9b30e752214dc6da6462ecb0
- kind: project-relative
  target: codex
  value: .agents/skills/gh-markdown
  runtime: null
  scope: project
  owners:
  - snhryt-neo/dotfiles/skills/gh-markdown
  active_owner: snhryt-neo/dotfiles/skills/gh-markdown
  content_hash: null
- kind: project-relative
  target: codex
  value: .agents/skills/gh-markdown/SKILL.md
  runtime: null
  scope: project
  owners:
  - snhryt-neo/dotfiles/skills/gh-markdown
  active_owner: snhryt-neo/dotfiles/skills/gh-markdown
  content_hash: sha256:be030f85585c45c49f8eca9f3c7438807deb84cd77ca3def2419b426cad5bc59
- kind: project-relative
  target: codex
  value: .agents/skills/gha-security-review
  runtime: null
  scope: project
  owners:
  - snhryt-neo/dotfiles/skills/gha-security-review
  active_owner: snhryt-neo/dotfiles/skills/gha-security-review
  content_hash: null
- kind: project-relative
  target: codex
  value: .agents/skills/gha-security-review/SKILL.md
  runtime: null
  scope: project
  owners:
  - snhryt-neo/dotfiles/skills/gha-security-review
  active_owner: snhryt-neo/dotfiles/skills/gha-security-review
  content_hash: sha256:119241ac4494717f155fb6cf47c5aa0bf7ed49d60e69ac2474a84eada4a2d6c5
- kind: project-relative
  target: codex
  value: .agents/skills/gha-security-review/references/github-actions-security-checklist.md
  runtime: null
  scope: project
  owners:
  - snhryt-neo/dotfiles/skills/gha-security-review
  active_owner: snhryt-neo/dotfiles/skills/gha-security-review
  content_hash: sha256:f8ab8f71f1aea01999ccf930babdb592288e8b5d0ac64c9eb85dd116f55c25c5
- kind: project-relative
  target: codex
  value: .agents/skills/gha-security-review/references/terraform-cicd-review.md
  runtime: null
  scope: project
  owners:
  - snhryt-neo/dotfiles/skills/gha-security-review
  active_owner: snhryt-neo/dotfiles/skills/gha-security-review
  content_hash: sha256:65cd5350a8ad680dee7e8382ead91cbe8ecbb883c58db50d86d843e878b8b533
- kind: project-relative
  target: codex
  value: .agents/skills/gha-security-review/references/tooling.md
  runtime: null
  scope: project
  owners:
  - snhryt-neo/dotfiles/skills/gha-security-review
  active_owner: snhryt-neo/dotfiles/skills/gha-security-review
  content_hash: sha256:dccbb4b03e2572041fafc7e33def7425b3c43544affba3168acc6f808167c006
- kind: project-relative
  target: codex
  value: .agents/skills/semantic-generation
  runtime: null
  scope: project
  owners:
  - snhryt-neo/dotfiles/skills/semantic-generation
  active_owner: snhryt-neo/dotfiles/skills/semantic-generation
  content_hash: null
- kind: project-relative
  target: codex
  value: .agents/skills/semantic-generation/SKILL.md
  runtime: null
  scope: project
  owners:
  - snhryt-neo/dotfiles/skills/semantic-generation
  active_owner: snhryt-neo/dotfiles/skills/semantic-generation
  content_hash: sha256:e22245bad44125225775a078f3eb7a4cbaa60396fd9f42469b6d1d41b637d5c8
- kind: project-relative
  target: codex
  value: .agents/skills/semantic-generation/agents/openai.yaml
  runtime: null
  scope: project
  owners:
  - snhryt-neo/dotfiles/skills/semantic-generation
  active_owner: snhryt-neo/dotfiles/skills/semantic-generation
  content_hash: sha256:5e0cc705113c7c7adfc677d5bf195986343f0e92a129fd1448ff30e1ea2f99d7
- kind: project-relative
  target: codex
  value: .agents/skills/semantic-generation/reference.md
  runtime: null
  scope: project
  owners:
  - snhryt-neo/dotfiles/skills/semantic-generation
  active_owner: snhryt-neo/dotfiles/skills/semantic-generation
  content_hash: sha256:a86085ee2f532f594dc37b1fdee40b9c5f404627196b9278bd0e5073a28ca682
- kind: uri
  target: mcp
  value: context7
  runtime: codex
  scope: project
  owners:
  - .
  active_owner: .
  content_hash: null
- kind: uri
  target: mcp
  value: exa
  runtime: codex
  scope: project
  owners:
  - .
  active_owner: .
  content_hash: null
- kind: uri
  target: mcp
  value: findy-library
  runtime: codex
  scope: project
  owners:
  - .
  active_owner: .
  content_hash: null
mcp_servers:
- context7
- exa
- findy-library
- xai-search
mcp_configs:
  context7:
    name: context7
    transport: http
    registry: false
    url: https://mcp.context7.com/mcp
  exa:
    name: exa
    transport: http
    registry: false
    url: https://mcp.exa.ai/mcp
  findy-library:
    name: findy-library
    transport: http
    registry: false
    url: https://lib.findy.co.jp/mcp
  xai-search:
    name: xai-search
    transport: http
    registry: false
    url: https://xai-search-mcp.snhryt.workers.dev/mcp
mcp_target_servers:
  codex:
  - context7
  - exa
  - findy-library
