lockfile_version: '1'
generated_at: '2026-07-08T06:49:34.973652+00:00'
apm_version: 0.23.1
dependencies:
- repo_url: google/skills
  name: skills
  host: github.com
  resolved_commit: c03169671232a50da03d7ce2cc9ab4919ffcd283
  version: unknown
  virtual_path: skills/cloud/bigquery-basics
  is_virtual: true
  package_type: claude_skill
  deployed_files:
  - .agents/skills/bigquery-basics
  - .agents/skills/bigquery-basics/SKILL.md
  - .agents/skills/bigquery-basics/references/cli-usage.md
  - .agents/skills/bigquery-basics/references/client-library-usage.md
  - .agents/skills/bigquery-basics/references/core-concepts.md
  - .agents/skills/bigquery-basics/references/iac-usage.md
  - .agents/skills/bigquery-basics/references/iam-security.md
  - .agents/skills/bigquery-basics/references/mcp-usage.md
  - .claude/skills/bigquery-basics
  - .claude/skills/bigquery-basics/SKILL.md
  - .claude/skills/bigquery-basics/references/cli-usage.md
  - .claude/skills/bigquery-basics/references/client-library-usage.md
  - .claude/skills/bigquery-basics/references/core-concepts.md
  - .claude/skills/bigquery-basics/references/iac-usage.md
  - .claude/skills/bigquery-basics/references/iam-security.md
  - .claude/skills/bigquery-basics/references/mcp-usage.md
  deployed_file_hashes:
    .agents/skills/bigquery-basics/SKILL.md: sha256:d19c3511d7328131b5c368fefbf4353fc387bc69cf0e59314656671c308b7b93
    .agents/skills/bigquery-basics/references/cli-usage.md: sha256:b8ec6d981390d543a6af0ac3072813c6f7df641547dc17ecfaa2d43e766612db
    .agents/skills/bigquery-basics/references/client-library-usage.md: sha256:4b091ffcd5f657e1c96dc60e2ad913266850a380c39190a26bbd90e229eb6b5a
    .agents/skills/bigquery-basics/references/core-concepts.md: sha256:ccb7991b5f0cfb850defa220536831b3e579516377788cd9b2a4067adc1f00c8
    .agents/skills/bigquery-basics/references/iac-usage.md: sha256:4cc7cba990280a5f2438bb965fb4bd575ca5967289f72bfd19b7830eb44b0208
    .agents/skills/bigquery-basics/references/iam-security.md: sha256:384c8d4b1eb64f9567cbc6f167cd38802a0b4b836b0616305d947fe4f46cca04
    .agents/skills/bigquery-basics/references/mcp-usage.md: sha256:f4cf2ef39e89ae3fc8e3a0bc19100e3382dc1eeec920d4cd8c5801dc51a62df7
    .claude/skills/bigquery-basics/SKILL.md: sha256:d19c3511d7328131b5c368fefbf4353fc387bc69cf0e59314656671c308b7b93
    .claude/skills/bigquery-basics/references/cli-usage.md: sha256:b8ec6d981390d543a6af0ac3072813c6f7df641547dc17ecfaa2d43e766612db
    .claude/skills/bigquery-basics/references/client-library-usage.md: sha256:4b091ffcd5f657e1c96dc60e2ad913266850a380c39190a26bbd90e229eb6b5a
    .claude/skills/bigquery-basics/references/core-concepts.md: sha256:ccb7991b5f0cfb850defa220536831b3e579516377788cd9b2a4067adc1f00c8
    .claude/skills/bigquery-basics/references/iac-usage.md: sha256:4cc7cba990280a5f2438bb965fb4bd575ca5967289f72bfd19b7830eb44b0208
    .claude/skills/bigquery-basics/references/iam-security.md: sha256:384c8d4b1eb64f9567cbc6f167cd38802a0b4b836b0616305d947fe4f46cca04
    .claude/skills/bigquery-basics/references/mcp-usage.md: sha256:f4cf2ef39e89ae3fc8e3a0bc19100e3382dc1eeec920d4cd8c5801dc51a62df7
  content_hash: sha256:baf46b2b3658a159da240bfc3900c2aef0ed0944ff3b70a91581bc64ab07856e
- repo_url: google/skills
  name: skills
  host: github.com
  resolved_commit: c03169671232a50da03d7ce2cc9ab4919ffcd283
  version: unknown
  virtual_path: skills/cloud/cloud-run-basics
  is_virtual: true
  package_type: claude_skill
  deployed_files:
  - .agents/skills/cloud-run-basics
  - .agents/skills/cloud-run-basics/SKILL.md
  - .agents/skills/cloud-run-basics/references/cli-usage.md
  - .agents/skills/cloud-run-basics/references/client-library-usage.md
  - .agents/skills/cloud-run-basics/references/core-concepts.md
  - .agents/skills/cloud-run-basics/references/iac-usage.md
  - .agents/skills/cloud-run-basics/references/iam-security.md
  - .agents/skills/cloud-run-basics/references/mcp-usage.md
  - .claude/skills/cloud-run-basics
  - .claude/skills/cloud-run-basics/SKILL.md
  - .claude/skills/cloud-run-basics/references/cli-usage.md
  - .claude/skills/cloud-run-basics/references/client-library-usage.md
  - .claude/skills/cloud-run-basics/references/core-concepts.md
  - .claude/skills/cloud-run-basics/references/iac-usage.md
  - .claude/skills/cloud-run-basics/references/iam-security.md
  - .claude/skills/cloud-run-basics/references/mcp-usage.md
  deployed_file_hashes:
    .agents/skills/cloud-run-basics/SKILL.md: sha256:c408324ce9fd9401b30c18ffbacf4979bc0a300eef4a610fa87b174b1d3426a6
    .agents/skills/cloud-run-basics/references/cli-usage.md: sha256:87a58f1c49b848f66fa6bf1e30882fe247232aa1bf76e90987abf5e8b031580e
    .agents/skills/cloud-run-basics/references/client-library-usage.md: sha256:2f2c95b3fe6b8c36cfea903644279abe129816a84785739d4ba49e6bb571e772
    .agents/skills/cloud-run-basics/references/core-concepts.md: sha256:459830cc25d643dfd255b127df4df01bf9987b9eafd5c8aa8baca054517ccffe
    .agents/skills/cloud-run-basics/references/iac-usage.md: sha256:941839db410466ca94fc52ec264f9b5b1c603cb8daae1ade7d467beae8bbc6ff
    .agents/skills/cloud-run-basics/references/iam-security.md: sha256:4bf26e48111c633ab57950a5fa7b27ae5934d835331f245bf037a6288f6cc055
    .agents/skills/cloud-run-basics/references/mcp-usage.md: sha256:ad9aecf215e01dc4384918b39457a118d15d16f3f6c7e10aa80a50a686eca780
    .claude/skills/cloud-run-basics/SKILL.md: sha256:c408324ce9fd9401b30c18ffbacf4979bc0a300eef4a610fa87b174b1d3426a6
    .claude/skills/cloud-run-basics/references/cli-usage.md: sha256:87a58f1c49b848f66fa6bf1e30882fe247232aa1bf76e90987abf5e8b031580e
    .claude/skills/cloud-run-basics/references/client-library-usage.md: sha256:2f2c95b3fe6b8c36cfea903644279abe129816a84785739d4ba49e6bb571e772
    .claude/skills/cloud-run-basics/references/core-concepts.md: sha256:459830cc25d643dfd255b127df4df01bf9987b9eafd5c8aa8baca054517ccffe
    .claude/skills/cloud-run-basics/references/iac-usage.md: sha256:941839db410466ca94fc52ec264f9b5b1c603cb8daae1ade7d467beae8bbc6ff
    .claude/skills/cloud-run-basics/references/iam-security.md: sha256:4bf26e48111c633ab57950a5fa7b27ae5934d835331f245bf037a6288f6cc055
    .claude/skills/cloud-run-basics/references/mcp-usage.md: sha256:ad9aecf215e01dc4384918b39457a118d15d16f3f6c7e10aa80a50a686eca780
  content_hash: sha256:69a5feea75d3c1498bea8ff90feb5dd71b39555cb00a93a1d7c7a9cf13a2ce88
- repo_url: google/skills
  name: skills
  host: github.com
  resolved_commit: c03169671232a50da03d7ce2cc9ab4919ffcd283
  version: unknown
  virtual_path: skills/cloud/gcloud
  is_virtual: true
  package_type: claude_skill
  deployed_files:
  - .agents/skills/gcloud
  - .agents/skills/gcloud/SKILL.md
  - .claude/skills/gcloud
  - .claude/skills/gcloud/SKILL.md
  deployed_file_hashes:
    .agents/skills/gcloud/SKILL.md: sha256:bc61ed1c55a608395d18ac05198ab987a8943e027d77c7ce24e18da365eba40d
    .claude/skills/gcloud/SKILL.md: sha256:bc61ed1c55a608395d18ac05198ab987a8943e027d77c7ce24e18da365eba40d
  content_hash: sha256:23294abb27c0569af44578e1a9547dff021d51620f27c4f37a8acff29b400350
- repo_url: google/skills
  name: skills
  host: github.com
  resolved_commit: c03169671232a50da03d7ce2cc9ab4919ffcd283
  version: unknown
  virtual_path: skills/cloud/gemini-api
  is_virtual: true
  package_type: claude_skill
  deployed_files:
  - .agents/skills/gemini-api
  - .agents/skills/gemini-api/SKILL.md
  - .agents/skills/gemini-api/references/advanced_features.md
  - .agents/skills/gemini-api/references/bounding_box.md
  - .agents/skills/gemini-api/references/embeddings.md
  - .agents/skills/gemini-api/references/live_api.md
  - .agents/skills/gemini-api/references/media_generation.md
  - .agents/skills/gemini-api/references/model_tuning.md
  - .agents/skills/gemini-api/references/safety.md
  - .agents/skills/gemini-api/references/structured_and_tools.md
  - .agents/skills/gemini-api/references/text_and_multimodal.md
  - .claude/skills/gemini-api
  - .claude/skills/gemini-api/SKILL.md
  - .claude/skills/gemini-api/references/advanced_features.md
  - .claude/skills/gemini-api/references/bounding_box.md
  - .claude/skills/gemini-api/references/embeddings.md
  - .claude/skills/gemini-api/references/live_api.md
  - .claude/skills/gemini-api/references/media_generation.md
  - .claude/skills/gemini-api/references/model_tuning.md
  - .claude/skills/gemini-api/references/safety.md
  - .claude/skills/gemini-api/references/structured_and_tools.md
  - .claude/skills/gemini-api/references/text_and_multimodal.md
  deployed_file_hashes:
    .agents/skills/gemini-api/SKILL.md: sha256:a5b6929703f4fd9234761d001246f2b481ff7f17fac75eb97866555a314cd8f7
    .agents/skills/gemini-api/references/advanced_features.md: sha256:ad0c4c7c9d7bf24cf06160bf1650823ec6d050baad2877402d705335af89581c
    .agents/skills/gemini-api/references/bounding_box.md: sha256:0317c2cf0d14dbc220828590086a128bfe61527d573bf0d79c78dba4af88702a
    .agents/skills/gemini-api/references/embeddings.md: sha256:4a3d3f754dbcd935a2f01d1bd33918c1d9bef3730115f4a744537c0506ee99fb
    .agents/skills/gemini-api/references/live_api.md: sha256:be927fcc21ee3cdea68d5172cad957885ab09281ddea8f85eccc02ef3747560f
    .agents/skills/gemini-api/references/media_generation.md: sha256:d6a15200eacd0f95635f385e91234639be705ac7fa8d1b139c7d4676c05e1deb
    .agents/skills/gemini-api/references/model_tuning.md: sha256:0311765a49e7d41be92123ee129e5affaa01ec6ceee36858fcf81d123ba52d06
    .agents/skills/gemini-api/references/safety.md: sha256:12f2d0c60350b1f697020d1102cf6add5feddf0148e15e56534cd0d5b243fadb
    .agents/skills/gemini-api/references/structured_and_tools.md: sha256:e5ffc58f95637efdf244a9994d73454b9ae56330045d2994f1bae75a79fe9bde
    .agents/skills/gemini-api/references/text_and_multimodal.md: sha256:122c37d0e321b0e431636aa43da6f4d7e3c80f38bf0d02fa8fce3153ecb79495
    .claude/skills/gemini-api/SKILL.md: sha256:a5b6929703f4fd9234761d001246f2b481ff7f17fac75eb97866555a314cd8f7
    .claude/skills/gemini-api/references/advanced_features.md: sha256:ad0c4c7c9d7bf24cf06160bf1650823ec6d050baad2877402d705335af89581c
    .claude/skills/gemini-api/references/bounding_box.md: sha256:0317c2cf0d14dbc220828590086a128bfe61527d573bf0d79c78dba4af88702a
    .claude/skills/gemini-api/references/embeddings.md: sha256:4a3d3f754dbcd935a2f01d1bd33918c1d9bef3730115f4a744537c0506ee99fb
    .claude/skills/gemini-api/references/live_api.md: sha256:be927fcc21ee3cdea68d5172cad957885ab09281ddea8f85eccc02ef3747560f
    .claude/skills/gemini-api/references/media_generation.md: sha256:d6a15200eacd0f95635f385e91234639be705ac7fa8d1b139c7d4676c05e1deb
    .claude/skills/gemini-api/references/model_tuning.md: sha256:0311765a49e7d41be92123ee129e5affaa01ec6ceee36858fcf81d123ba52d06
    .claude/skills/gemini-api/references/safety.md: sha256:12f2d0c60350b1f697020d1102cf6add5feddf0148e15e56534cd0d5b243fadb
    .claude/skills/gemini-api/references/structured_and_tools.md: sha256:e5ffc58f95637efdf244a9994d73454b9ae56330045d2994f1bae75a79fe9bde
    .claude/skills/gemini-api/references/text_and_multimodal.md: sha256:122c37d0e321b0e431636aa43da6f4d7e3c80f38bf0d02fa8fce3153ecb79495
  content_hash: sha256:9bc62cd049bcacc0bd85bf4687d38c659f89ee399f177d33677ae58e60617d0d
- repo_url: snhryt-neo/dotfiles
  name: dotfiles
  host: github.com
  resolved_commit: 54b0ffa04410f59350ec8e46650abaa3512da53d
  version: unknown
  virtual_path: claude_global/skills/dev-research
  is_virtual: true
  package_type: claude_skill
  deployed_files:
  - .agents/skills/dev-research
  - .agents/skills/dev-research/SKILL.md
  - .agents/skills/dev-research/evals/evals.json
  - .claude/skills/dev-research
  - .claude/skills/dev-research/SKILL.md
  - .claude/skills/dev-research/evals/evals.json
  deployed_file_hashes:
    .agents/skills/dev-research/SKILL.md: sha256:d67fdc583d6e7229394e6c22fa15adb728d9bd6500066aa6779ec63ec5eb0568
    .agents/skills/dev-research/evals/evals.json: sha256:61842a8da05b9dd0c216ff7bbcc4869474103e649db4420c8b43c31b59c611da
    .claude/skills/dev-research/SKILL.md: sha256:d67fdc583d6e7229394e6c22fa15adb728d9bd6500066aa6779ec63ec5eb0568
    .claude/skills/dev-research/evals/evals.json: sha256:61842a8da05b9dd0c216ff7bbcc4869474103e649db4420c8b43c31b59c611da
  content_hash: sha256:8b8fff13549611ecaa30ff67730cf5e8d2d093908533040a56750dbf4ffaeeb4
- repo_url: snhryt-neo/dotfiles
  name: dotfiles
  host: github.com
  resolved_commit: 54b0ffa04410f59350ec8e46650abaa3512da53d
  version: unknown
  virtual_path: claude_global/skills/empirical-prompt-tuning
  is_virtual: true
  package_type: claude_skill
  deployed_files:
  - .agents/skills/empirical-prompt-tuning
  - .agents/skills/empirical-prompt-tuning/SKILL.md
  - .agents/skills/empirical-prompt-tuning/provenance.md
  - .claude/skills/empirical-prompt-tuning
  - .claude/skills/empirical-prompt-tuning/SKILL.md
  - .claude/skills/empirical-prompt-tuning/provenance.md
  deployed_file_hashes:
    .agents/skills/empirical-prompt-tuning/SKILL.md: sha256:21cb213c1d2c02794c94e6fd0ad20e779e6c767850f292e6475b60cb3500c82f
    .agents/skills/empirical-prompt-tuning/provenance.md: sha256:cd86636ed455606ad60ffd100a62f0b0aa68a8ca94bb7670dbba89b9b4c22aef
    .claude/skills/empirical-prompt-tuning/SKILL.md: sha256:21cb213c1d2c02794c94e6fd0ad20e779e6c767850f292e6475b60cb3500c82f
    .claude/skills/empirical-prompt-tuning/provenance.md: sha256:cd86636ed455606ad60ffd100a62f0b0aa68a8ca94bb7670dbba89b9b4c22aef
  content_hash: sha256:f71249b10dbc5e1b2858f3660ed041efd73c101b4b14fa84eb90176df4662d3f
- repo_url: snhryt-neo/dotfiles
  name: dotfiles
  host: github.com
  resolved_commit: 54b0ffa04410f59350ec8e46650abaa3512da53d
  version: unknown
  virtual_path: claude_global/skills/gh-markdown
  is_virtual: true
  package_type: claude_skill
  deployed_files:
  - .agents/skills/gh-markdown
  - .agents/skills/gh-markdown/SKILL.md
  - .claude/skills/gh-markdown
  - .claude/skills/gh-markdown/SKILL.md
  deployed_file_hashes:
    .agents/skills/gh-markdown/SKILL.md: sha256:4d8a511675a41a6613d1802c015ede9643deacd2f4ebf6846a20939d3771e3ba
    .claude/skills/gh-markdown/SKILL.md: sha256:4d8a511675a41a6613d1802c015ede9643deacd2f4ebf6846a20939d3771e3ba
  content_hash: sha256:33f315ea87cb48cddbc1db7a3f28f1c04329cdecbe435e6dc2c5738130b06465
- repo_url: snhryt-neo/dotfiles
  name: dotfiles
  host: github.com
  resolved_commit: 54b0ffa04410f59350ec8e46650abaa3512da53d
  version: unknown
  virtual_path: claude_global/skills/gha-security-review
  is_virtual: true
  package_type: claude_skill
  deployed_files:
  - .agents/skills/gha-security-review
  - .agents/skills/gha-security-review/SKILL.md
  - .agents/skills/gha-security-review/references/github-actions-security-checklist.md
  - .agents/skills/gha-security-review/references/terraform-cicd-review.md
  - .agents/skills/gha-security-review/references/tooling.md
  - .claude/skills/gha-security-review
  - .claude/skills/gha-security-review/SKILL.md
  - .claude/skills/gha-security-review/references/github-actions-security-checklist.md
  - .claude/skills/gha-security-review/references/terraform-cicd-review.md
  - .claude/skills/gha-security-review/references/tooling.md
  deployed_file_hashes:
    .agents/skills/gha-security-review/SKILL.md: sha256:119241ac4494717f155fb6cf47c5aa0bf7ed49d60e69ac2474a84eada4a2d6c5
    .agents/skills/gha-security-review/references/github-actions-security-checklist.md: sha256:f8ab8f71f1aea01999ccf930babdb592288e8b5d0ac64c9eb85dd116f55c25c5
    .agents/skills/gha-security-review/references/terraform-cicd-review.md: sha256:65cd5350a8ad680dee7e8382ead91cbe8ecbb883c58db50d86d843e878b8b533
    .agents/skills/gha-security-review/references/tooling.md: sha256:dccbb4b03e2572041fafc7e33def7425b3c43544affba3168acc6f808167c006
    .claude/skills/gha-security-review/SKILL.md: sha256:119241ac4494717f155fb6cf47c5aa0bf7ed49d60e69ac2474a84eada4a2d6c5
    .claude/skills/gha-security-review/references/github-actions-security-checklist.md: sha256:f8ab8f71f1aea01999ccf930babdb592288e8b5d0ac64c9eb85dd116f55c25c5
    .claude/skills/gha-security-review/references/terraform-cicd-review.md: sha256:65cd5350a8ad680dee7e8382ead91cbe8ecbb883c58db50d86d843e878b8b533
    .claude/skills/gha-security-review/references/tooling.md: sha256:dccbb4b03e2572041fafc7e33def7425b3c43544affba3168acc6f808167c006
  content_hash: sha256:5f05b7c38a50fd4f0896f2f0db65f9110fcd780834993fafb7ee5b5a045705ed
- repo_url: snhryt-neo/dotfiles
  name: dotfiles
  host: github.com
  resolved_commit: 54b0ffa04410f59350ec8e46650abaa3512da53d
  version: unknown
  virtual_path: claude_global/skills/graphify
  is_virtual: true
  package_type: claude_skill
  deployed_files:
  - .agents/skills/graphify
  - .agents/skills/graphify/.graphify_version
  - .agents/skills/graphify/SKILL.md
  - .claude/skills/graphify
  - .claude/skills/graphify/.graphify_version
  - .claude/skills/graphify/SKILL.md
  deployed_file_hashes:
    .agents/skills/graphify/.graphify_version: sha256:a0ad50640139a524f86591157145bf1d4674ea9c065bfea21558f0f7b04430c8
    .agents/skills/graphify/SKILL.md: sha256:6c2ff0d67eea7e52886df16fab3d08cb37464c6edb33a3fc69843922ce655fdb
    .claude/skills/graphify/.graphify_version: sha256:a0ad50640139a524f86591157145bf1d4674ea9c065bfea21558f0f7b04430c8
    .claude/skills/graphify/SKILL.md: sha256:6c2ff0d67eea7e52886df16fab3d08cb37464c6edb33a3fc69843922ce655fdb
  content_hash: sha256:0bf2560fcc0b4e7b87c75e0cb90841e59039a249637ae4d05ab98584864b5cd9
- repo_url: snhryt-neo/dotfiles
  name: dotfiles
  host: github.com
  resolved_commit: 54b0ffa04410f59350ec8e46650abaa3512da53d
  version: unknown
  virtual_path: claude_global/skills/imagegen
  is_virtual: true
  package_type: claude_skill
  deployed_files:
  - .agents/skills/imagegen
  - .agents/skills/imagegen/SKILL.md
  - .agents/skills/imagegen/templates/prompt.md
  - .claude/skills/imagegen
  - .claude/skills/imagegen/SKILL.md
  - .claude/skills/imagegen/templates/prompt.md
  deployed_file_hashes:
    .agents/skills/imagegen/SKILL.md: sha256:09d0d4151097a30e0b13557a48b8d1ea5d54ae8b10835e9c333ea92724d2655c
    .agents/skills/imagegen/templates/prompt.md: sha256:878829f8796a1b0a7383da3ee4ae58057fc30af399f5be7066834512e561f8d2
    .claude/skills/imagegen/SKILL.md: sha256:09d0d4151097a30e0b13557a48b8d1ea5d54ae8b10835e9c333ea92724d2655c
    .claude/skills/imagegen/templates/prompt.md: sha256:878829f8796a1b0a7383da3ee4ae58057fc30af399f5be7066834512e561f8d2
  content_hash: sha256:ae1c8c997ca923b45ed7f2a17f925d58994fddaef17b4d7d8c7b044a794ccbcb
